// !$*UTF8*$!
{
	archiveVersion = 1;
	classes = {
	};
	objectVersion = 50;
	objects = {

/* Begin PBXBuildFile section */
		CE77CD7F2490936100816C3D /* RegisterViewModel.swift in Sources */ = {isa = PBXBuildFile; fileRef = CE77CD7E2490936100816C3D /* RegisterViewModel.swift */; };
		CE8C269E24808184007B990C /* SignInViewController.swift in Sources */ = {isa = PBXBuildFile; fileRef = CE8C269D24808184007B990C /* SignInViewController.swift */; };
		CEAFA180247E7A8300D9CE01 /* AppDelegate.swift in Sources */ = {isa = PBXBuildFile; fileRef = CEAFA17F247E7A8300D9CE01 /* AppDelegate.swift */; };
		CEAFA182247E7A8300D9CE01 /* SceneDelegate.swift in Sources */ = {isa = PBXBuildFile; fileRef = CEAFA181247E7A8300D9CE01 /* SceneDelegate.swift */; };
		CEAFA187247E7A8300D9CE01 /* Main.storyboard in Resources */ = {isa = PBXBuildFile; fileRef = CEAFA185247E7A8300D9CE01 /* Main.storyboard */; };
		CEAFA189247E7A8700D9CE01 /* Assets.xcassets in Resources */ = {isa = PBXBuildFile; fileRef = CEAFA188247E7A8700D9CE01 /* Assets.xcassets */; };
		CEAFA18C247E7A8700D9CE01 /* LaunchScreen.storyboard in Resources */ = {isa = PBXBuildFile; fileRef = CEAFA18A247E7A8700D9CE01 /* LaunchScreen.storyboard */; };
		CECB47062484F1C500C0819D /* RegisterViewController.swift in Sources */ = {isa = PBXBuildFile; fileRef = CECB47052484F1C500C0819D /* RegisterViewController.swift */; };
		CED33C27248C67F90092D1DE /* HomeViewController.swift in Sources */ = {isa = PBXBuildFile; fileRef = CED33C26248C67F90092D1DE /* HomeViewController.swift */; };
/* End PBXBuildFile section */

/* Begin PBXFileReference section */
		CE77CD7E2490936100816C3D /* RegisterViewModel.swift */ = {isa = PBXFileReference; lastKnownFileType = sourcecode.swift; path = RegisterViewModel.swift; sourceTree = "<group>"; };
		CE8C269D24808184007B990C /* SignInViewController.swift */ = {isa = PBXFileReference; lastKnownFileType = sourcecode.swift; path = SignInViewController.swift; sourceTree = "<group>"; };
		CEAFA17C247E7A8300D9CE01 /* UserRegistrationExample.app */ = {isa = PBXFileReference; explicitFileType = wrapper.application; includeInIndex = 0; path = UserRegistrationExample.app; sourceTree = BUILT_PRODUCTS_DIR; };
		CEAFA17F247E7A8300D9CE01 /* AppDelegate.swift */ = {isa = PBXFileReference; lastKnownFileType = sourcecode.swift; path = AppDelegate.swift; sourceTree = "<group>"; };
		CEAFA181247E7A8300D9CE01 /* SceneDelegate.swift */ = {isa = PBXFileReference; lastKnownFileType = sourcecode.swift; path = SceneDelegate.swift; sourceTree = "<group>"; };
		CEAFA186247E7A8300D9CE01 /* Base */ = {isa = PBXFileReference; lastKnownFileType = file.storyboard; name = Base; path = Base.lproj/Main.storyboard; sourceTree = "<group>"; };
		CEAFA188247E7A8700D9CE01 /* Assets.xcassets */ = {isa = PBXFileReference; lastKnownFileType = folder.assetcatalog; path = Assets.xcassets; sourceTree = "<group>"; };
		CEAFA18B247E7A8700D9CE01 /* Base */ = {isa = PBXFileReference; lastKnownFileType = file.storyboard; name = Base; path = Base.lproj/LaunchScreen.storyboard; sourceTree = "<group>"; };
		CEAFA18D247E7A8700D9CE01 /* Info.plist */ = {isa = PBXFileReference; lastKnownFileType = text.plist.xml; path = Info.plist; sourceTree = "<group>"; };
		CECB47052484F1C500C0819D /* RegisterViewController.swift */ = {isa = PBXFileReference; lastKnownFileType = sourcecode.swift; path = RegisterViewController.swift; sourceTree = "<group>"; };
		CED33C26248C67F90092D1DE /* HomeViewController.swift */ = {isa = PBXFileReference; lastKnownFileType = sourcecode.swift; path = HomeViewController.swift; sourceTree = "<group>"; };
/* End PBXFileReference section */

/* Begin PBXFrameworksBuildPhase section */
		CEAFA179247E7A8300D9CE01 /* Frameworks */ = {
			isa = PBXFrameworksBuildPhase;
			buildActionMask = 2147483647;
			files = (
			);
			runOnlyForDeploymentPostprocessing = 0;
		};
/* End PBXFrameworksBuildPhase section */

/* Begin PBXGroup section */
		CE77CD7D2490934400816C3D /* ViewModel */ = {
			isa = PBXGroup;
			children = (
				CE77CD7E2490936100816C3D /* RegisterViewModel.swift */,
			);
			path = ViewModel;
			sourceTree = "<group>";
		};
		CEAFA173247E7A8300D9CE01 = {
			isa = PBXGroup;
			children = (
				CE77CD7D2490934400816C3D /* ViewModel */,
				CEAFA17E247E7A8300D9CE01 /* UserRegistrationExample */,
				CEAFA17D247E7A8300D9CE01 /* Products */,
			);
			sourceTree = "<group>";
		};
		CEAFA17D247E7A8300D9CE01 /* Products */ = {
			isa = PBXGroup;
			children = (
				CEAFA17C247E7A8300D9CE01 /* UserRegistrationExample.app */,
			);
			name = Products;
			sourceTree = "<group>";
		};
		CEAFA17E247E7A8300D9CE01 /* UserRegistrationExample */ = {
			isa = PBXGroup;
			children = (
				CEAFA17F247E7A8300D9CE01 /* AppDelegate.swift */,
				CEAFA181247E7A8300D9CE01 /* SceneDelegate.swift */,
				CEAFA185247E7A8300D9CE01 /* Main.storyboard */,
				CEAFA188247E7A8700D9CE01 /* Assets.xcassets */,
				CEAFA18A247E7A8700D9CE01 /* LaunchScreen.storyboard */,
				CEAFA18D247E7A8700D9CE01 /* Info.plist */,
				CE8C269D24808184007B990C /* SignInViewController.swift */,
				CECB47052484F1C500C0819D /* RegisterViewController.swift */,
				CED33C26248C67F90092D1DE /* HomeViewController.swift */,
			);
			path = UserRegistrationExample;
			sourceTree = "<group>";
		};
/* End PBXGroup section */

/* Begin PBXNativeTarget section */
		CEAFA17B247E7A8300D9CE01 /* UserRegistrationExample */ = {
			isa = PBXNativeTarget;
			buildConfigurationList = CEAFA190247E7A8700D9CE01 /* Build configuration list for PBXNativeTarget "UserRegistrationExample" */;
			buildPhases = (
				CEAFA178247E7A8300D9CE01 /* Sources */,
				CEAFA179247E7A8300D9CE01 /* Frameworks */,
				CEAFA17A247E7A8300D9CE01 /* Resources */,
			);
			buildRules = (
			);
			dependencies = (
			);
			name = UserRegistrationExample;
			productName = UserRegistrationExample;
			productReference = CEAFA17C247E7A8300D9CE01 /* UserRegistrationExample.app */;
			productType = "com.apple.product-type.application";
		};
/* End PBXNativeTarget section */

/* Begin PBXProject section */
		CEAFA174247E7A8300D9CE01 /* Project object */ = {
			isa = PBXProject;
			attributes = {
				LastSwiftUpdateCheck = 1150;
				LastUpgradeCheck = 1150;
				ORGANIZATIONNAME = Rhony;
				TargetAttributes = {
					CEAFA17B247E7A8300D9CE01 = {
						CreatedOnToolsVersion = 11.5;
					};
				};
			};
			buildConfigurationList = CEAFA177247E7A8300D9CE01 /* Build configuration list for PBXProject "UserRegistrationExample" */;
			compatibilityVersion = "Xcode 9.3";
			developmentRegion = en;
			hasScannedForEncodings = 0;
			knownRegions = (
				en,
				Base,
			);
			mainGroup = CEAFA173247E7A8300D9CE01;
			productRefGroup = CEAFA17D247E7A8300D9CE01 /* Products */;
			projectDirPath = "";
			projectRoot = "";
			targets = (
				CEAFA17B247E7A8300D9CE01 /* UserRegistrationExample */,
			);
		};
/* End PBXProject section */

/* Begin PBXResourcesBuildPhase section */
		CEAFA17A247E7A8300D9CE01 /* Resources */ = {
			isa = PBXResourcesBuildPhase;
			buildActionMask = 2147483647;
			files = (
				CEAFA18C247E7A8700D9CE01 /* LaunchScreen.storyboard in Resources */,
				CEAFA189247E7A8700D9CE01 /* Assets.xcassets in Resources */,
				CEAFA187247E7A8300D9CE01 /* Main.storyboard in Resources */,
			);
			runOnlyForDeploymentPostprocessing = 0;
		};
/* End PBXResourcesBuildPhase section */

/* Begin PBXSourcesBuildPhase section */
		CEAFA178247E7A8300D9CE01 /* Sources */ = {
			isa = PBXSourcesBuildPhase;
			buildActionMask = 2147483647;
			files = (
				CE8C269E24808184007B990C /* SignInViewController.swift in Sources */,
				CE77CD7F2490936100816C3D /* RegisterViewModel.swift in Sources */,
				CECB47062484F1C500C0819D /* RegisterViewController.swift in Sources */,
				CEAFA180247E7A8300D9CE01 /* AppDelegate.swift in Sources */,
				CEAFA182247E7A8300D9CE01 /* SceneDelegate.swift in Sources */,
				CED33C27248C67F90092D1DE /* HomeViewController.swift in Sources */,
			);
			runOnlyForDeploymentPostprocessing = 0;
		};
/* End PBXSourcesBuildPhase section */

/* Begin PBXVariantGroup section */
		CEAFA185247E7A8300D9CE01 /* Main.storyboard */ = {
			isa = PBXVariantGroup;
			children = (
				CEAFA186247E7A8300D9CE01 /* Base */,
			);
			name = Main.storyboard;
			sourceTree = "<group>";
		};
		CEAFA18A247E7A8700D9CE01 /* LaunchScreen.storyboard */ = {
			isa = PBXVariantGroup;
			children = (
				CEAFA18B247E7A8700D9CE01 /* Base */,
			);
			name = LaunchScreen.storyboard;
			sourceTree = "<group>";
		};
/* End PBXVariantGroup section */

/* Begin XCBuildConfiguration section */
		CEAFA18E247E7A8700D9CE01 /* Debug */ = {
			isa = XCBuildConfiguration;
			buildSettings = {
				ALWAYS_SEARCH_USER_PATHS = NO;
				CLANG_ANALYZER_NONNULL = YES;
				CLANG_ANALYZER_NUMBER_OBJECT_CONVERSION = YES_AGGRESSIVE;
				CLANG_CXX_LANGUAGE_STANDARD = "gnu++14";
				CLANG_CXX_LIBRARY = "libc++";
				CLANG_ENABLE_MODULES = YES;
				CLANG_ENABLE_OBJC_ARC = YES;
				CLANG_ENABLE_OBJC_WEAK = YES;
				CLANG_WARN_BLOCK_CAPTURE_AUTORELEASING = YES;
				CLANG_WARN_BOOL_CONVERSION = YES;
				CLANG_WARN_COMMA = YES;
				CLANG_WARN_CONSTANT_CONVERSION = YES;
				CLANG_WARN_DEPRECATED_OBJC_IMPLEMENTATIONS = YES;
				CLANG_WARN_DIRECT_OBJC_ISA_USAGE = YES_ERROR;
				CLANG_WARN_DOCUMENTATION_COMMENTS = YES;
				CLANG_WARN_EMPTY_BODY = YES;
				CLANG_WARN_ENUM_CONVERSION = YES;
				CLANG_WARN_INFINITE_RECURSION = YES;
				CLANG_WARN_INT_CONVERSION = YES;
				CLANG_WARN_NON_LITERAL_NULL_CONVERSION = YES;
				CLANG_WARN_OBJC_IMPLICIT_RETAIN_SELF = YES;
				CLANG_WARN_OBJC_LITERAL_CONVERSION = YES;
				CLANG_WARN_OBJC_ROOT_CLASS = YES_ERROR;
				CLANG_WARN_RANGE_LOOP_ANALYSIS = YES;
				CLANG_WARN_STRICT_PROTOTYPES = YES;
				CLANG_WARN_SUSPICIOUS_MOVE = YES;
				CLANG_WARN_UNGUARDED_AVAILABILITY = YES_AGGRESSIVE;
				CLANG_WARN_UNREACHABLE_CODE = YES;
				CLANG_WARN__DUPLICATE_METHOD_MATCH = YES;
				COPY_PHASE_STRIP = NO;
				DEBUG_INFORMATION_FORMAT = dwarf;
				ENABLE_STRICT_OBJC_MSGSEND = YES;
				ENABLE_TESTABILITY = YES;
				GCC_C_LANGUAGE_STANDARD = gnu11;
				GCC_DYNAMIC_NO_PIC = NO;
				GCC_NO_COMMON_BLOCKS = YES;
				GCC_OPTIMIZATION_LEVEL = 0;
				GCC_PREPROCESSOR_DEFINITIONS = (
					"DEBUG=1",
					"$(inherited)",
				);
				GCC_WARN_64_TO_32_BIT_CONVERSION = YES;
				GCC_WARN_ABOUT_RETURN_TYPE = YES_ERROR;
				GCC_WARN_UNDECLARED_SELECTOR = YES;
				GCC_WARN_UNINITIALIZED_AUTOS = YES_AGGRESSIVE;
				GCC_WARN_UNUSED_FUNCTION = YES;
				GCC_WARN_UNUSED_VARIABLE = YES;
				IPHONEOS_DEPLOYMENT_TARGET = 13.5;
				MTL_ENABLE_DEBUG_INFO = INCLUDE_SOURCE;
				MTL_FAST_MATH = YES;
				ONLY_ACTIVE_ARCH = YES;
				SDKROOT = iphoneos;
				SWIFT_ACTIVE_COMPILATION_CONDITIONS = DEBUG;
				SWIFT_OPTIMIZATION_LEVEL = "-Onone";
			};
			name = Debug;
		};
		CEAFA18F247E7A8700D9CE01 /* Release */ = {
			isa = XCBuildConfiguration;
			buildSettings = {
				ALWAYS_SEARCH_USER_PATHS = NO;
				CLANG_ANALYZER_NONNULL = YES;
				CLANG_ANALYZER_NUMBER_OBJECT_CONVERSION = YES_AGGRESSIVE;
				CLANG_CXX_LANGUAGE_STANDARD = "gnu++14";
				CLANG_CXX_LIBRARY = "libc++";
				CLANG_ENABLE_MODULES = YES;
				CLANG_ENABLE_OBJC_ARC = YES;
				CLANG_ENABLE_OBJC_WEAK = YES;
				CLANG_WARN_BLOCK_CAPTURE_AUTORELEASING = YES;
				CLANG_WARN_BOOL_CONVERSION = YES;
				CLANG_WARN_COMMA = YES;
				CLANG_WARN_CONSTANT_CONVERSION = YES;
				CLANG_WARN_DEPRECATED_OBJC_IMPLEMENTATIONS = YES;
				CLANG_WARN_DIRECT_OBJC_ISA_USAGE = YES_ERROR;
				CLANG_WARN_DOCUMENTATION_COMMENTS = YES;
				CLANG_WARN_EMPTY_BODY = YES;
				CLANG_WARN_ENUM_CONVERSION = YES;
				CLANG_WARN_INFINITE_RECURSION = YES;
				CLANG_WARN_INT_CONVERSION = YES;
				CLANG_WARN_NON_LITERAL_NULL_CONVERSION = YES;
				CLANG_WARN_OBJC_IMPLICIT_RETAIN_SELF = YES;
				CLANG_WARN_OBJC_LITERAL_CONVERSION = YES;
				CLANG_WARN_OBJC_ROOT_CLASS = YES_ERROR;
				CLANG_WARN_RANGE_LOOP_ANALYSIS = YES;
				CLANG_WARN_STRICT_PROTOTYPES = YES;
				CLANG_WARN_SUSPICIOUS_MOVE = YES;
				CLANG_WARN_UNGUARDED_AVAILABILITY = YES_AGGRESSIVE;
				CLANG_WARN_UNREACHABLE_CODE = YES;
				CLANG_WARN__DUPLICATE_METHOD_MATCH = YES;
				COPY_PHASE_STRIP = NO;
				DEBUG_INFORMATION_FORMAT = "dwarf-with-dsym";
				ENABLE_NS_ASSERTIONS = NO;
				ENABLE_STRICT_OBJC_MSGSEND = YES;
				GCC_C_LANGUAGE_STANDARD = gnu11;
				GCC_NO_COMMON_BLOCKS = YES;
				GCC_WARN_64_TO_32_BIT_CONVERSION = YES;
				GCC_WARN_ABOUT_RETURN_TYPE = YES_ERROR;
				GCC_WARN_UNDECLARED_SELECTOR = YES;
				GCC_WARN_UNINITIALIZED_AUTOS = YES_AGGRESSIVE;
				GCC_WARN_UNUSED_FUNCTION = YES;
				GCC_WARN_UNUSED_VARIABLE = YES;
				IPHONEOS_DEPLOYMENT_TARGET = 13.5;
				MTL_ENABLE_DEBUG_INFO = NO;
				MTL_FAST_MATH = YES;
				SDKROOT = iphoneos;
				SWIFT_COMPILATION_MODE = wholemodule;
				SWIFT_OPTIMIZATION_LEVEL = "-O";
				VALIDATE_PRODUCT = YES;
			};
			name = Release;
		};
		CEAFA191247E7A8700D9CE01 /* Debug */ = {
			isa = XCBuildConfiguration;
			buildSettings = {
				ASSETCATALOG_COMPILER_APPICON_NAME = AppIcon;
				CODE_SIGN_STYLE = Automatic;
				DEVELOPMENT_TEAM = K78A8RWWQN;
				INFOPLIST_FILE = UserRegistrationExample/Info.plist;
				LD_RUNPATH_SEARCH_PATHS = (
					"$(inherited)",
					"@executable_path/Frameworks",
				);
				PRODUCT_BUNDLE_IDENTIFIER = com.learn.UserRegistrationExample;
				PRODUCT_NAME = "$(TARGET_NAME)";
				SWIFT_VERSION = 5.0;
				TARGETED_DEVICE_FAMILY = "1,2";
			};
			name = Debug;
		};
		CEAFA192247E7A8700D9CE01 /* Release */ = {
			isa = XCBuildConfiguration;
			buildSettings = {
				ASSETCATALOG_COMPILER_APPICON_NAME = AppIcon;
				CODE_SIGN_STYLE = Automatic;
				DEVELOPMENT_TEAM = K78A8RWWQN;
				INFOPLIST_FILE = UserRegistrationExample/Info.plist;
				LD_RUNPATH_SEARCH_PATHS = (
					"$(inherited)",
					"@executable_path/Frameworks",
				);
				PRODUCT_BUNDLE_IDENTIFIER = com.learn.UserRegistrationExample;
				PRODUCT_NAME = "$(TARGET_NAME)";
				SWIFT_VERSION = 5.0;
				TARGETED_DEVICE_FAMILY = "1,2";
			};
			name = Release;
		};
/* End XCBuildConfiguration section */

/* Begin XCConfigurationList section */
		CEAFA177247E7A8300D9CE01 /* Build configuration list for PBXProject "UserRegistrationExample" */ = {
			isa = XCConfigurationList;
			buildConfigurations = (
				CEAFA18E247E7A8700D9CE01 /* Debug */,
				CEAFA18F247E7A8700D9CE01 /* Release */,
			);
			defaultConfigurationIsVisible = 0;
			defaultConfigurationName = Release;
		};
		CEAFA190247E7A8700D9CE01 /* Build configuration list for PBXNativeTarget "UserRegistrationExample" */ = {
			isa = XCConfigurationList;
			buildConfigurations = (
				CEAFA191247E7A8700D9CE01 /* Debug */,
				CEAFA192247E7A8700D9CE01 /* Release */,
			);
			defaultConfigurationIsVisible = 0;
			defaultConfigurationName = Release;
		};
/* End XCConfigurationList section */
	};
	rootObject = CEAFA174247E7A8300D9CE01 /* Project object */;
}
